
Microsoft Visual Studio Solution File, Format Version 12.00
# Visual Studio Version 17
VisualStudioVersion = 17.2.32630.192
MinimumVisualStudioVersion = 10.0.40219.1
Project("{FAE04EC0-301F-11D3-BF4B-00C04F79EFBC}") = "AABExtractor", "AABExtractor\AABExtractor.csproj", "{1B2DCCDA-5549-4603-9D8E-4494D54F8ED7}"
EndProject
Global
	GlobalSection(SolutionConfigurationPlatforms) = preSolution
		Debug|Any CPU = Debug|Any CPU
		Release|Any CPU = Release|Any CPU
	EndGlobalSection
	GlobalSection(ProjectConfigurationPlatforms) = postSolution
		{1B2DCCDA-5549-4603-9D8E-4494D54F8ED7}.Debug|Any CPU.ActiveCfg = Debug|Any CPU
		{1B2DCCDA-5549-4603-9D8E-4494D54F8ED7}.Debug|Any CPU.Build.0 = Debug|Any CPU
		{1B2DCCDA-5549-4603-9D8E-4494D54F8ED7}.Release|Any CPU.ActiveCfg = Release|Any CPU
		{1B2DCCDA-5549-4603-9D8E-4494D54F8ED7}.Release|Any CPU.Build.0 = Release|Any CPU
	EndGlobalSection
	GlobalSection(SolutionProperties) = preSolution
		HideSolutionNode = FALSE
	EndGlobalSection
	GlobalSection(ExtensibilityGlobals) = postSolution
		SolutionGuid = {8E319038-7D9D-4F52-9AD6-762839E63D49}
	EndGlobalSection
EndGlobal
